
Microsoft Visual Studio Solution File, Format Version 12.00
# Visual Studio Version 17
VisualStudioVersion = 17.7.33927.210
MinimumVisualStudioVersion = 10.0.40219.1
Project("{9A19103F-16F7-4668-BE54-9A1E7A4F7556}") = "BulkyWeb", "BulkyWeb\BulkyWeb.csproj", "{4681434F-C8D9-4D2D-B6B2-194B21593A9D}"
EndProject
Global
	GlobalSection(SolutionConfigurationPlatforms) = preSolution
		Debug|Any CPU = Debug|Any CPU
		Release|Any CPU = Release|Any CPU
	EndGlobalSection
	GlobalSection(ProjectConfigurationPlatforms) = postSolution
		{4681434F-C8D9-4D2D-B6B2-194B21593A9D}.Debug|Any CPU.ActiveCfg = Debug|Any CPU
		{4681434F-C8D9-4D2D-B6B2-194B21593A9D}.Debug|Any CPU.Build.0 = Debug|Any CPU
		{4681434F-C8D9-4D2D-B6B2-194B21593A9D}.Release|Any CPU.ActiveCfg = Release|Any CPU
		{4681434F-C8D9-4D2D-B6B2-194B21593A9D}.Release|Any CPU.Build.0 = Release|Any CPU
	EndGlobalSection
	GlobalSection(SolutionProperties) = preSolution
		HideSolutionNode = FALSE
	EndGlobalSection
	GlobalSection(ExtensibilityGlobals) = postSolution
		SolutionGuid = {304A1F77-D01D-4216-8ED9-0F6CAF699D04}
	EndGlobalSection
EndGlobal
